
Microsoft Visual Studio Solution File, Format Version 12.00
# Visual Studio 2013
VisualStudioVersion = 12.0.40629.0
MinimumVisualStudioVersion = 10.0.40219.1
Project("{2150E333-8FDC-42A3-9474-1A3956D46DE8}") = "1-Apresentation", "1-Apresentation", "{7633A5C0-4F4E-4685-88CF-3B809B467F99}"
EndProject
Project("{2150E333-8FDC-42A3-9474-1A3956D46DE8}") = "2-Services", "2-Services", "{11FB802E-0EA5-4FF5-852C-B1419F9BA110}"
EndProject
Project("{2150E333-8FDC-42A3-9474-1A3956D46DE8}") = "3-Application", "3-Application", "{11912AFD-709D-49BF-829E-2392237978FD}"
EndProject
Project("{2150E333-8FDC-42A3-9474-1A3956D46DE8}") = "4-Domain", "4-Domain", "{97E1A1DA-4339-49F9-BE4B-78296D3B7484}"
EndProject
Project("{2150E333-8FDC-42A3-9474-1A3956D46DE8}") = "5-Infra", "5-Infra", "{B85BDE0B-3CD5-42AD-A713-7E8128CCF6F7}"
EndProject
Project("{2150E333-8FDC-42A3-9474-1A3956D46DE8}") = "5.1-Data", "5.1-Data", "{A204AEFB-9ADB-4079-8461-1A9739F5953A}"
EndProject
Project("{2150E333-8FDC-42A3-9474-1A3956D46DE8}") = "5.2-CrossCuting", "5.2-CrossCuting", "{0011E336-2586-4B79-B77C-1B42033AEEF7}"
EndProject
Project("{FAE04EC0-301F-11D3-BF4B-00C04F79EFBC}") = "PRJ.SistemaCarnaval.UI.Cadastro", "src\PRJ.SistemaCarnaval.UI.Cadastro\PRJ.SistemaCarnaval.UI.Cadastro.csproj", "{D5FDEE15-0FA3-4FAA-B754-181DFE2738AA}"
EndProject
Project("{FAE04EC0-301F-11D3-BF4B-00C04F79EFBC}") = "PRJ.SistemaCarnaval.Domain", "src\PRJ.SistemaCarnaval.Domain\PRJ.SistemaCarnaval.Domain.csproj", "{C3ABB7A6-5DD5-45D6-93C7-D2660F728800}"
EndProject
Project("{FAE04EC0-301F-11D3-BF4B-00C04F79EFBC}") = "PRJ.SistemaCarnaval.Infra.Data", "src\PRJ.SistemaCarnaval.Infra.Data\PRJ.SistemaCarnaval.Infra.Data.csproj", "{A090D879-1A89-414E-A1D6-625CF6FEE9BC}"
EndProject
Global
	GlobalSection(SolutionConfigurationPlatforms) = preSolution
		Debug|Any CPU = Debug|Any CPU
		Release|Any CPU = Release|Any CPU
	EndGlobalSection
	GlobalSection(ProjectConfigurationPlatforms) = postSolution
		{D5FDEE15-0FA3-4FAA-B754-181DFE2738AA}.Debug|Any CPU.ActiveCfg = Debug|Any CPU
		{D5FDEE15-0FA3-4FAA-B754-181DFE2738AA}.Debug|Any CPU.Build.0 = Debug|Any CPU
		{D5FDEE15-0FA3-4FAA-B754-181DFE2738AA}.Release|Any CPU.ActiveCfg = Release|Any CPU
		{D5FDEE15-0FA3-4FAA-B754-181DFE2738AA}.Release|Any CPU.Build.0 = Release|Any CPU
		{C3ABB7A6-5DD5-45D6-93C7-D2660F728800}.Debug|Any CPU.ActiveCfg = Debug|Any CPU
		{C3ABB7A6-5DD5-45D6-93C7-D2660F728800}.Debug|Any CPU.Build.0 = Debug|Any CPU
		{C3ABB7A6-5DD5-45D6-93C7-D2660F728800}.Release|Any CPU.ActiveCfg = Release|Any CPU
		{C3ABB7A6-5DD5-45D6-93C7-D2660F728800}.Release|Any CPU.Build.0 = Release|Any CPU
		{A090D879-1A89-414E-A1D6-625CF6FEE9BC}.Debug|Any CPU.ActiveCfg = Debug|Any CPU
		{A090D879-1A89-414E-A1D6-625CF6FEE9BC}.Debug|Any CPU.Build.0 = Debug|Any CPU
		{A090D879-1A89-414E-A1D6-625CF6FEE9BC}.Release|Any CPU.ActiveCfg = Release|Any CPU
		{A090D879-1A89-414E-A1D6-625CF6FEE9BC}.Release|Any CPU.Build.0 = Release|Any CPU
	EndGlobalSection
	GlobalSection(SolutionProperties) = preSolution
		HideSolutionNode = FALSE
	EndGlobalSection
	GlobalSection(NestedProjects) = preSolution
		{A204AEFB-9ADB-4079-8461-1A9739F5953A} = {B85BDE0B-3CD5-42AD-A713-7E8128CCF6F7}
		{0011E336-2586-4B79-B77C-1B42033AEEF7} = {B85BDE0B-3CD5-42AD-A713-7E8128CCF6F7}
		{D5FDEE15-0FA3-4FAA-B754-181DFE2738AA} = {7633A5C0-4F4E-4685-88CF-3B809B467F99}
		{C3ABB7A6-5DD5-45D6-93C7-D2660F728800} = {97E1A1DA-4339-49F9-BE4B-78296D3B7484}
		{A090D879-1A89-414E-A1D6-625CF6FEE9BC} = {A204AEFB-9ADB-4079-8461-1A9739F5953A}
	EndGlobalSection
EndGlobal
